
Microsoft Visual Studio Solution File, Format Version 12.00
# Visual Studio Version 16
VisualStudioVersion = 16.0.29709.97
MinimumVisualStudioVersion = 10.0.40219.1
Project("{FAE04EC0-301F-11D3-BF4B-00C04F79EFBC}") = "FanMaxBot.Service", "FanMaxBot.Service\FanMaxBot.Service.csproj", "{14B51F4B-FB8A-4029-BA16-78D1883B8E28}"
EndProject
Global
	GlobalSection(SolutionConfigurationPlatforms) = preSolution
		Debug|Any CPU = Debug|Any CPU
		Release|Any CPU = Release|Any CPU
	EndGlobalSection
	GlobalSection(ProjectConfigurationPlatforms) = postSolution
		{14B51F4B-FB8A-4029-BA16-78D1883B8E28}.Debug|Any CPU.ActiveCfg = Debug|Any CPU
		{14B51F4B-FB8A-4029-BA16-78D1883B8E28}.Debug|Any CPU.Build.0 = Debug|Any CPU
		{14B51F4B-FB8A-4029-BA16-78D1883B8E28}.Release|Any CPU.ActiveCfg = Release|Any CPU
		{14B51F4B-FB8A-4029-BA16-78D1883B8E28}.Release|Any CPU.Build.0 = Release|Any CPU
	EndGlobalSection
	GlobalSection(SolutionProperties) = preSolution
		HideSolutionNode = FALSE
	EndGlobalSection
	GlobalSection(ExtensibilityGlobals) = postSolution
		SolutionGuid = {6DDDB915-A778-4B9C-BD24-AC91AF969D48}
	EndGlobalSection
EndGlobal
